
Microsoft Visual Studio Solution File, Format Version 12.00
# Visual Studio Version 17
VisualStudioVersion = 17.14.36414.22 d17.14
MinimumVisualStudioVersion = 10.0.40219.1
Project("{FAE04EC0-301F-11D3-BF4B-00C04F79EFBC}") = "Weblog.UI", "Weblog.UI\Weblog.UI.csproj", "{4A2337D3-8E67-48CB-B87C-B47EFFDB4C2A}"
EndProject
Project("{2150E333-8FDC-42A3-9474-1A3956D46DE8}") = "src", "src", "{02EA681E-C7D8-13C7-8484-4AC65E1B71E8}"
EndProject
Project("{FAE04EC0-301F-11D3-BF4B-00C04F79EFBC}") = "Weblog.Core", "Weblog.Core\Weblog.Core.csproj", "{D0037AAF-64D7-4A58-8B76-29B91BF5530A}"
EndProject
Project("{FAE04EC0-301F-11D3-BF4B-00C04F79EFBC}") = "Weblog.Infrastructure", "Weblog.Infrastructure\Weblog.Infrastructure.csproj", "{1DE20FB2-52D8-4B28-98F1-71142E94AA89}"
EndProject
Global
	GlobalSection(SolutionConfigurationPlatforms) = preSolution
		Debug|Any CPU = Debug|Any CPU
		Release|Any CPU = Release|Any CPU
	EndGlobalSection
	GlobalSection(ProjectConfigurationPlatforms) = postSolution
		{4A2337D3-8E67-48CB-B87C-B47EFFDB4C2A}.Debug|Any CPU.ActiveCfg = Debug|Any CPU
		{4A2337D3-8E67-48CB-B87C-B47EFFDB4C2A}.Debug|Any CPU.Build.0 = Debug|Any CPU
		{4A2337D3-8E67-48CB-B87C-B47EFFDB4C2A}.Release|Any CPU.ActiveCfg = Release|Any CPU
		{4A2337D3-8E67-48CB-B87C-B47EFFDB4C2A}.Release|Any CPU.Build.0 = Release|Any CPU
		{D0037AAF-64D7-4A58-8B76-29B91BF5530A}.Debug|Any CPU.ActiveCfg = Debug|Any CPU
		{D0037AAF-64D7-4A58-8B76-29B91BF5530A}.Debug|Any CPU.Build.0 = Debug|Any CPU
		{D0037AAF-64D7-4A58-8B76-29B91BF5530A}.Release|Any CPU.ActiveCfg = Release|Any CPU
		{D0037AAF-64D7-4A58-8B76-29B91BF5530A}.Release|Any CPU.Build.0 = Release|Any CPU
		{1DE20FB2-52D8-4B28-98F1-71142E94AA89}.Debug|Any CPU.ActiveCfg = Debug|Any CPU
		{1DE20FB2-52D8-4B28-98F1-71142E94AA89}.Debug|Any CPU.Build.0 = Debug|Any CPU
		{1DE20FB2-52D8-4B28-98F1-71142E94AA89}.Release|Any CPU.ActiveCfg = Release|Any CPU
		{1DE20FB2-52D8-4B28-98F1-71142E94AA89}.Release|Any CPU.Build.0 = Release|Any CPU
	EndGlobalSection
	GlobalSection(SolutionProperties) = preSolution
		HideSolutionNode = FALSE
	EndGlobalSection
	GlobalSection(NestedProjects) = preSolution
		{4A2337D3-8E67-48CB-B87C-B47EFFDB4C2A} = {02EA681E-C7D8-13C7-8484-4AC65E1B71E8}
		{D0037AAF-64D7-4A58-8B76-29B91BF5530A} = {02EA681E-C7D8-13C7-8484-4AC65E1B71E8}
		{1DE20FB2-52D8-4B28-98F1-71142E94AA89} = {02EA681E-C7D8-13C7-8484-4AC65E1B71E8}
	EndGlobalSection
	GlobalSection(ExtensibilityGlobals) = postSolution
		SolutionGuid = {0EFCB270-C711-48CB-A61A-E1B63C891E34}
	EndGlobalSection
EndGlobal
